
Microsoft Visual Studio Solution File, Format Version 12.00
# Visual Studio 15
VisualStudioVersion = 15.0.26124.0
MinimumVisualStudioVersion = 15.0.26124.0
Project("{2150E333-8FDC-42A3-9474-1A3956D46DE8}") = "src", "src", "{218795F4-F44A-4B7E-B904-C823D3FDE1A5}"
EndProject
Project("{FAE04EC0-301F-11D3-BF4B-00C04F79EFBC}") = "Futbal.Mng.Api", "src\Futbal.Mng.Api\Futbal.Mng.Api.csproj", "{F346DEC0-9BD5-4436-89B8-A99A9B5B3915}"
EndProject
Project("{FAE04EC0-301F-11D3-BF4B-00C04F79EFBC}") = "Futbal.Mng.Domain", "src\Futbal.Mng.Domain\Futbal.Mng.Domain.csproj", "{D8EBC3DF-E878-40F1-8752-9F30386626D2}"
EndProject
Project("{FAE04EC0-301F-11D3-BF4B-00C04F79EFBC}") = "Futbal.Mng.Infrastructure", "src\Futbal.Mng.Infrastructure\Futbal.Mng.Infrastructure.csproj", "{E2C88514-3F03-494A-A422-5C27630DAE93}"
EndProject
Project("{2150E333-8FDC-42A3-9474-1A3956D46DE8}") = "tests", "tests", "{C134CCE6-855C-4928-BED4-236482B62249}"
EndProject
Project("{FAE04EC0-301F-11D3-BF4B-00C04F79EFBC}") = "Futbal.Mng.Infrastructure.Tests", "tests\Futbal.Mng.Infrastructure.Tests\Futbal.Mng.Infrastructure.Tests.csproj", "{E9B0F019-ECE2-474A-B71B-E8FB482CAC24}"
EndProject
Project("{FAE04EC0-301F-11D3-BF4B-00C04F79EFBC}") = "Futbal.Mng.Domain.Tests", "tests\Futbal.Mng.Domain.Tests\Futbal.Mng.Domain.Tests.csproj", "{F453683F-865E-45B8-8EBB-D50F8D3211FF}"
EndProject
Global
	GlobalSection(SolutionConfigurationPlatforms) = preSolution
		Debug|Any CPU = Debug|Any CPU
		Debug|x64 = Debug|x64
		Debug|x86 = Debug|x86
		Release|Any CPU = Release|Any CPU
		Release|x64 = Release|x64
		Release|x86 = Release|x86
	EndGlobalSection
	GlobalSection(SolutionProperties) = preSolution
		HideSolutionNode = FALSE
	EndGlobalSection
	GlobalSection(ProjectConfigurationPlatforms) = postSolution
		{F346DEC0-9BD5-4436-89B8-A99A9B5B3915}.Debug|Any CPU.ActiveCfg = Debug|Any CPU
		{F346DEC0-9BD5-4436-89B8-A99A9B5B3915}.Debug|Any CPU.Build.0 = Debug|Any CPU
		{F346DEC0-9BD5-4436-89B8-A99A9B5B3915}.Debug|x64.ActiveCfg = Debug|Any CPU
		{F346DEC0-9BD5-4436-89B8-A99A9B5B3915}.Debug|x64.Build.0 = Debug|Any CPU
		{F346DEC0-9BD5-4436-89B8-A99A9B5B3915}.Debug|x86.ActiveCfg = Debug|Any CPU
		{F346DEC0-9BD5-4436-89B8-A99A9B5B3915}.Debug|x86.Build.0 = Debug|Any CPU
		{F346DEC0-9BD5-4436-89B8-A99A9B5B3915}.Release|Any CPU.ActiveCfg = Release|Any CPU
		{F346DEC0-9BD5-4436-89B8-A99A9B5B3915}.Release|Any CPU.Build.0 = Release|Any CPU
		{F346DEC0-9BD5-4436-89B8-A99A9B5B3915}.Release|x64.ActiveCfg = Release|Any CPU
		{F346DEC0-9BD5-4436-89B8-A99A9B5B3915}.Release|x64.Build.0 = Release|Any CPU
		{F346DEC0-9BD5-4436-89B8-A99A9B5B3915}.Release|x86.ActiveCfg = Release|Any CPU
		{F346DEC0-9BD5-4436-89B8-A99A9B5B3915}.Release|x86.Build.0 = Release|Any CPU
		{D8EBC3DF-E878-40F1-8752-9F30386626D2}.Debug|Any CPU.ActiveCfg = Debug|Any CPU
		{D8EBC3DF-E878-40F1-8752-9F30386626D2}.Debug|Any CPU.Build.0 = Debug|Any CPU
		{D8EBC3DF-E878-40F1-8752-9F30386626D2}.Debug|x64.ActiveCfg = Debug|Any CPU
		{D8EBC3DF-E878-40F1-8752-9F30386626D2}.Debug|x64.Build.0 = Debug|Any CPU
		{D8EBC3DF-E878-40F1-8752-9F30386626D2}.Debug|x86.ActiveCfg = Debug|Any CPU
		{D8EBC3DF-E878-40F1-8752-9F30386626D2}.Debug|x86.Build.0 = Debug|Any CPU
		{D8EBC3DF-E878-40F1-8752-9F30386626D2}.Release|Any CPU.ActiveCfg = Release|Any CPU
		{D8EBC3DF-E878-40F1-8752-9F30386626D2}.Release|Any CPU.Build.0 = Release|Any CPU
		{D8EBC3DF-E878-40F1-8752-9F30386626D2}.Release|x64.ActiveCfg = Release|Any CPU
		{D8EBC3DF-E878-40F1-8752-9F30386626D2}.Release|x64.Build.0 = Release|Any CPU
		{D8EBC3DF-E878-40F1-8752-9F30386626D2}.Release|x86.ActiveCfg = Release|Any CPU
		{D8EBC3DF-E878-40F1-8752-9F30386626D2}.Release|x86.Build.0 = Release|Any CPU
		{E2C88514-3F03-494A-A422-5C27630DAE93}.Debug|Any CPU.ActiveCfg = Debug|Any CPU
		{E2C88514-3F03-494A-A422-5C27630DAE93}.Debug|Any CPU.Build.0 = Debug|Any CPU
		{E2C88514-3F03-494A-A422-5C27630DAE93}.Debug|x64.ActiveCfg = Debug|Any CPU
		{E2C88514-3F03-494A-A422-5C27630DAE93}.Debug|x64.Build.0 = Debug|Any CPU
		{E2C88514-3F03-494A-A422-5C27630DAE93}.Debug|x86.ActiveCfg = Debug|Any CPU
		{E2C88514-3F03-494A-A422-5C27630DAE93}.Debug|x86.Build.0 = Debug|Any CPU
		{E2C88514-3F03-494A-A422-5C27630DAE93}.Release|Any CPU.ActiveCfg = Release|Any CPU
		{E2C88514-3F03-494A-A422-5C27630DAE93}.Release|Any CPU.Build.0 = Release|Any CPU
		{E2C88514-3F03-494A-A422-5C27630DAE93}.Release|x64.ActiveCfg = Release|Any CPU
		{E2C88514-3F03-494A-A422-5C27630DAE93}.Release|x64.Build.0 = Release|Any CPU
		{E2C88514-3F03-494A-A422-5C27630DAE93}.Release|x86.ActiveCfg = Release|Any CPU
		{E2C88514-3F03-494A-A422-5C27630DAE93}.Release|x86.Build.0 = Release|Any CPU
		{E9B0F019-ECE2-474A-B71B-E8FB482CAC24}.Debug|Any CPU.ActiveCfg = Debug|Any CPU
		{E9B0F019-ECE2-474A-B71B-E8FB482CAC24}.Debug|Any CPU.Build.0 = Debug|Any CPU
		{E9B0F019-ECE2-474A-B71B-E8FB482CAC24}.Debug|x64.ActiveCfg = Debug|Any CPU
		{E9B0F019-ECE2-474A-B71B-E8FB482CAC24}.Debug|x64.Build.0 = Debug|Any CPU
		{E9B0F019-ECE2-474A-B71B-E8FB482CAC24}.Debug|x86.ActiveCfg = Debug|Any CPU
		{E9B0F019-ECE2-474A-B71B-E8FB482CAC24}.Debug|x86.Build.0 = Debug|Any CPU
		{E9B0F019-ECE2-474A-B71B-E8FB482CAC24}.Release|Any CPU.ActiveCfg = Release|Any CPU
		{E9B0F019-ECE2-474A-B71B-E8FB482CAC24}.Release|Any CPU.Build.0 = Release|Any CPU
		{E9B0F019-ECE2-474A-B71B-E8FB482CAC24}.Release|x64.ActiveCfg = Release|Any CPU
		{E9B0F019-ECE2-474A-B71B-E8FB482CAC24}.Release|x64.Build.0 = Release|Any CPU
		{E9B0F019-ECE2-474A-B71B-E8FB482CAC24}.Release|x86.ActiveCfg = Release|Any CPU
		{E9B0F019-ECE2-474A-B71B-E8FB482CAC24}.Release|x86.Build.0 = Release|Any CPU
		{F453683F-865E-45B8-8EBB-D50F8D3211FF}.Debug|Any CPU.ActiveCfg = Debug|Any CPU
		{F453683F-865E-45B8-8EBB-D50F8D3211FF}.Debug|Any CPU.Build.0 = Debug|Any CPU
		{F453683F-865E-45B8-8EBB-D50F8D3211FF}.Debug|x64.ActiveCfg = Debug|Any CPU
		{F453683F-865E-45B8-8EBB-D50F8D3211FF}.Debug|x64.Build.0 = Debug|Any CPU
		{F453683F-865E-45B8-8EBB-D50F8D3211FF}.Debug|x86.ActiveCfg = Debug|Any CPU
		{F453683F-865E-45B8-8EBB-D50F8D3211FF}.Debug|x86.Build.0 = Debug|Any CPU
		{F453683F-865E-45B8-8EBB-D50F8D3211FF}.Release|Any CPU.ActiveCfg = Release|Any CPU
		{F453683F-865E-45B8-8EBB-D50F8D3211FF}.Release|Any CPU.Build.0 = Release|Any CPU
		{F453683F-865E-45B8-8EBB-D50F8D3211FF}.Release|x64.ActiveCfg = Release|Any CPU
		{F453683F-865E-45B8-8EBB-D50F8D3211FF}.Release|x64.Build.0 = Release|Any CPU
		{F453683F-865E-45B8-8EBB-D50F8D3211FF}.Release|x86.ActiveCfg = Release|Any CPU
		{F453683F-865E-45B8-8EBB-D50F8D3211FF}.Release|x86.Build.0 = Release|Any CPU
	EndGlobalSection
	GlobalSection(NestedProjects) = preSolution
		{F346DEC0-9BD5-4436-89B8-A99A9B5B3915} = {218795F4-F44A-4B7E-B904-C823D3FDE1A5}
		{D8EBC3DF-E878-40F1-8752-9F30386626D2} = {218795F4-F44A-4B7E-B904-C823D3FDE1A5}
		{E2C88514-3F03-494A-A422-5C27630DAE93} = {218795F4-F44A-4B7E-B904-C823D3FDE1A5}
		{E9B0F019-ECE2-474A-B71B-E8FB482CAC24} = {C134CCE6-855C-4928-BED4-236482B62249}
		{F453683F-865E-45B8-8EBB-D50F8D3211FF} = {C134CCE6-855C-4928-BED4-236482B62249}
	EndGlobalSection
EndGlobal
